
Microsoft Visual Studio Solution File, Format Version 12.00
# Visual Studio Version 17
VisualStudioVersion = 17.7.33927.210
MinimumVisualStudioVersion = 10.0.40219.1
Project("{FAE04EC0-301F-11D3-BF4B-00C04F79EFBC}") = "RealEstate_UI", "RealEstate_UI\RealEstate_UI.csproj", "{58F3FA0F-9DD4-47CF-9DA8-3415C720294B}"
EndProject
Project("{FAE04EC0-301F-11D3-BF4B-00C04F79EFBC}") = "RealEstate_API", "RealEstate_API\RealEstate_API.csproj", "{38C56408-78CD-4301-BEB2-B97CCC8A8B82}"
EndProject
Global
	GlobalSection(SolutionConfigurationPlatforms) = preSolution
		Debug|Any CPU = Debug|Any CPU
		Release|Any CPU = Release|Any CPU
	EndGlobalSection
	GlobalSection(ProjectConfigurationPlatforms) = postSolution
		{58F3FA0F-9DD4-47CF-9DA8-3415C720294B}.Debug|Any CPU.ActiveCfg = Debug|Any CPU
		{58F3FA0F-9DD4-47CF-9DA8-3415C720294B}.Debug|Any CPU.Build.0 = Debug|Any CPU
		{58F3FA0F-9DD4-47CF-9DA8-3415C720294B}.Release|Any CPU.ActiveCfg = Release|Any CPU
		{58F3FA0F-9DD4-47CF-9DA8-3415C720294B}.Release|Any CPU.Build.0 = Release|Any CPU
		{38C56408-78CD-4301-BEB2-B97CCC8A8B82}.Debug|Any CPU.ActiveCfg = Debug|Any CPU
		{38C56408-78CD-4301-BEB2-B97CCC8A8B82}.Debug|Any CPU.Build.0 = Debug|Any CPU
		{38C56408-78CD-4301-BEB2-B97CCC8A8B82}.Release|Any CPU.ActiveCfg = Release|Any CPU
		{38C56408-78CD-4301-BEB2-B97CCC8A8B82}.Release|Any CPU.Build.0 = Release|Any CPU
	EndGlobalSection
	GlobalSection(SolutionProperties) = preSolution
		HideSolutionNode = FALSE
	EndGlobalSection
	GlobalSection(ExtensibilityGlobals) = postSolution
		SolutionGuid = {2A61920C-E025-4768-8D07-31967CE9DFE3}
	EndGlobalSection
EndGlobal
